
Microsoft Visual Studio Solution File, Format Version 12.00
# Visual Studio Version 16
VisualStudioVersion = 16.0.30907.101
MinimumVisualStudioVersion = 10.0.40219.1
Project("{FAE04EC0-301F-11D3-BF4B-00C04F79EFBC}") = "QuestionMax", "QuestionMax\QuestionMax.csproj", "{3D016993-F166-49F8-9189-2146FA069F28}"
EndProject
Global
	GlobalSection(SolutionConfigurationPlatforms) = preSolution
		Debug|Any CPU = Debug|Any CPU
		Release|Any CPU = Release|Any CPU
	EndGlobalSection
	GlobalSection(ProjectConfigurationPlatforms) = postSolution
		{3D016993-F166-49F8-9189-2146FA069F28}.Debug|Any CPU.ActiveCfg = Debug|Any CPU
		{3D016993-F166-49F8-9189-2146FA069F28}.Debug|Any CPU.Build.0 = Debug|Any CPU
		{3D016993-F166-49F8-9189-2146FA069F28}.Release|Any CPU.ActiveCfg = Release|Any CPU
		{3D016993-F166-49F8-9189-2146FA069F28}.Release|Any CPU.Build.0 = Release|Any CPU
	EndGlobalSection
	GlobalSection(SolutionProperties) = preSolution
		HideSolutionNode = FALSE
	EndGlobalSection
	GlobalSection(ExtensibilityGlobals) = postSolution
		SolutionGuid = {DD0F5A04-3DD0-4BB4-8EB7-140EC0D1B0A3}
	EndGlobalSection
EndGlobal
